
Microsoft Visual Studio Solution File, Format Version 12.00
# Visual Studio Version 16
VisualStudioVersion = 16.0.28803.156
MinimumVisualStudioVersion = 10.0.40219.1
Project("{FAE04EC0-301F-11D3-BF4B-00C04F79EFBC}") = "TestInvalidJson", "TestInvalidJson\TestInvalidJson.csproj", "{DADCAB28-3D23-493E-8A2C-B55DA33E028B}"
EndProject
Global
	GlobalSection(SolutionConfigurationPlatforms) = preSolution
		Debug|Any CPU = Debug|Any CPU
		Release|Any CPU = Release|Any CPU
	EndGlobalSection
	GlobalSection(ProjectConfigurationPlatforms) = postSolution
		{DADCAB28-3D23-493E-8A2C-B55DA33E028B}.Debug|Any CPU.ActiveCfg = Debug|Any CPU
		{DADCAB28-3D23-493E-8A2C-B55DA33E028B}.Debug|Any CPU.Build.0 = Debug|Any CPU
		{DADCAB28-3D23-493E-8A2C-B55DA33E028B}.Release|Any CPU.ActiveCfg = Release|Any CPU
		{DADCAB28-3D23-493E-8A2C-B55DA33E028B}.Release|Any CPU.Build.0 = Release|Any CPU
	EndGlobalSection
	GlobalSection(SolutionProperties) = preSolution
		HideSolutionNode = FALSE
	EndGlobalSection
	GlobalSection(ExtensibilityGlobals) = postSolution
		SolutionGuid = {C56A79A6-6659-4A37-80B1-E49D78B5FF14}
	EndGlobalSection
EndGlobal
